
Microsoft Visual Studio Solution File, Format Version 12.00
# Visual Studio Version 16
VisualStudioVersion = 16.0.30523.141
MinimumVisualStudioVersion = 10.0.40219.1
Project("{FAE04EC0-301F-11D3-BF4B-00C04F79EFBC}") = "Калькулятор", "Калькулятор\Калькулятор.csproj", "{A35A1FCB-62E3-4894-873C-4196D26465E4}"
EndProject
Global
	GlobalSection(SolutionConfigurationPlatforms) = preSolution
		Debug|Any CPU = Debug|Any CPU
		Release|Any CPU = Release|Any CPU
	EndGlobalSection
	GlobalSection(ProjectConfigurationPlatforms) = postSolution
		{A35A1FCB-62E3-4894-873C-4196D26465E4}.Debug|Any CPU.ActiveCfg = Debug|Any CPU
		{A35A1FCB-62E3-4894-873C-4196D26465E4}.Debug|Any CPU.Build.0 = Debug|Any CPU
		{A35A1FCB-62E3-4894-873C-4196D26465E4}.Release|Any CPU.ActiveCfg = Release|Any CPU
		{A35A1FCB-62E3-4894-873C-4196D26465E4}.Release|Any CPU.Build.0 = Release|Any CPU
	EndGlobalSection
	GlobalSection(SolutionProperties) = preSolution
		HideSolutionNode = FALSE
	EndGlobalSection
	GlobalSection(ExtensibilityGlobals) = postSolution
		SolutionGuid = {3F70AB87-1893-442D-A9B3-238891A107F7}
	EndGlobalSection
EndGlobal
